
Microsoft Visual Studio Solution File, Format Version 12.00
# Visual Studio Version 17
VisualStudioVersion = 17.14.36616.10
MinimumVisualStudioVersion = 10.0.40219.1
Project("{9A19103F-16F7-4668-BE54-9A1E7A4F7556}") = "AlgoritmaOrnekleri", "AlgoritmaOrnekleri\AlgoritmaOrnekleri.csproj", "{18CFFD00-D393-4860-A7C0-D6E53BEBC13E}"
EndProject
Project("{FAE04EC0-301F-11D3-BF4B-00C04F79EFBC}") = "KarekterSayısıHesaplama", "KarekterSayısıHesaplama\KarekterSayısıHesaplama.csproj", "{926F7832-86CB-4D6F-8DFF-FC47ED64E9D8}"
EndProject
Project("{9A19103F-16F7-4668-BE54-9A1E7A4F7556}") = "KelimeSayisiBulma", "KelimeSayısıBulma\KelimeSayisiBulma.csproj", "{30E8AEF3-6E41-440D-B053-5B1A79BB5B50}"
EndProject
Project("{9A19103F-16F7-4668-BE54-9A1E7A4F7556}") = "KelimeninKacKezGectiginiHesaplama", "KelimeninKacKezGectiginiHesaplama\KelimeninKacKezGectiginiHesaplama.csproj", "{06136409-4718-4039-AF3E-9857CB7F2799}"
EndProject
Project("{9A19103F-16F7-4668-BE54-9A1E7A4F7556}") = "siralama_algoritmasi", "siralama_algoritmasi\siralama_algoritmasi.csproj", "{C5A895F3-E1DD-4761-8D61-D4491CB1868B}"
EndProject
Project("{9A19103F-16F7-4668-BE54-9A1E7A4F7556}") = "tekrarEdenElemaniBulma", "tekrarEdenElemaniBulma\tekrarEdenElemaniBulma.csproj", "{A27A9928-57E4-4081-A1B6-48402CFDEC61}"
EndProject
Project("{FAE04EC0-301F-11D3-BF4B-00C04F79EFBC}") = "EnBuyukSayiyiBulma", "EnBuyukSayiyiBulma\EnBuyukSayiyiBulma.csproj", "{5C0DC6FD-7C0D-4301-8468-D626ED49B406}"
EndProject
Project("{9A19103F-16F7-4668-BE54-9A1E7A4F7556}") = "mukemmelSayi", "mukemmelSayi\mukemmelSayi.csproj", "{A65AEB91-941F-46CE-A9F7-A34EE0025700}"
EndProject
Project("{9A19103F-16F7-4668-BE54-9A1E7A4F7556}") = "KelimeninYarisiniBulma", "KelimeninYarisiniBulma\KelimeninYarisiniBulma.csproj", "{F92348C6-5596-42C9-9D5F-EFB68B34DB57}"
EndProject
Project("{9A19103F-16F7-4668-BE54-9A1E7A4F7556}") = "girilenSayilarinOrtalamasiniHesaplama", "girilenSayilarinOrtalamasiniHesaplama\girilenSayilarinOrtalamasiniHesaplama.csproj", "{F262851E-2D34-4963-AC49-4284CCF39A3B}"
EndProject
Project("{9A19103F-16F7-4668-BE54-9A1E7A4F7556}") = "gucluSayiBulmaAlgoritmasi", "gucluSayiBulmaAlgoritmasi\gucluSayiBulmaAlgoritmasi.csproj", "{47E93B29-AC44-469D-B449-615CF8B29147}"
EndProject
Project("{9A19103F-16F7-4668-BE54-9A1E7A4F7556}") = "orjinalSayiBulma", "orjinalSayiBulma\orjinalSayiBulma.csproj", "{16BB46F5-7DF0-4897-B9E7-7BDD45F46B24}"
EndProject
Project("{9A19103F-16F7-4668-BE54-9A1E7A4F7556}") = "palindromSorusu", "palindromSorusu\palindromSorusu.csproj", "{12CC7133-23F4-4630-B265-4975A7F18E41}"
EndProject
Project("{9A19103F-16F7-4668-BE54-9A1E7A4F7556}") = "IkiTarihArasindakiFark", "IkiTarihArasindakiFark\IkiTarihArasindakiFark.csproj", "{948F24EF-BB88-4B02-9FDE-45C7920811A0}"
EndProject
Project("{9A19103F-16F7-4668-BE54-9A1E7A4F7556}") = "ePostaKontrolAlgoritmasi", "ePostaKontrolAlgoritmasi\ePostaKontrolAlgoritmasi.csproj", "{4CB7C207-ACB8-44B5-84FF-44A80D8E8DB3}"
EndProject
Project("{9A19103F-16F7-4668-BE54-9A1E7A4F7556}") = "sifreKontrolAlgoritmasi", "sifreKontrolAlgoritmasi\sifreKontrolAlgoritmasi.csproj", "{D1DD4355-28A1-43FA-9152-CD445CE51D23}"
EndProject
Project("{9A19103F-16F7-4668-BE54-9A1E7A4F7556}") = "fonksiyonlar", "fonksiyonlar\fonksiyonlar.csproj", "{A3C33665-8CD8-46A7-A89C-5B19C92675B4}"
EndProject
Project("{FAE04EC0-301F-11D3-BF4B-00C04F79EFBC}") = "KargoUcretiHesaplama", "KargoUcretiHesaplama\KargoUcretiHesaplama.csproj", "{14191F6A-8E85-4FB1-8208-8847827AB613}"
EndProject
Project("{FAE04EC0-301F-11D3-BF4B-00C04F79EFBC}") = "SifreOlusturmaAlgoritması", "SifreOlusturmaAlgoritması\SifreOlusturmaAlgoritması.csproj", "{E513FBB0-4067-4177-A317-BDF31F61B557}"
EndProject
Project("{FAE04EC0-301F-11D3-BF4B-00C04F79EFBC}") = "kullanicidanAlinanİsimSoyismiFormatlama", "kullanicidanAlinanİsimSoyismiFormatlama\kullanicidanAlinanİsimSoyismiFormatlama.csproj", "{5F25979E-9E19-4B9F-B9AD-85B94E93E4D1}"
EndProject
Project("{FAE04EC0-301F-11D3-BF4B-00C04F79EFBC}") = "MetindekiEnUzunKelime", "MetindekiEnUzunKelime\MetindekiEnUzunKelime.csproj", "{290ED223-1252-4EE7-AF57-70EDABBD1BD8}"
EndProject
Project("{FAE04EC0-301F-11D3-BF4B-00C04F79EFBC}") = "ikizAsalSayiAlgoritmasi", "ikizAsalSayiAlgoritmasi\ikizAsalSayiAlgoritmasi.csproj", "{E6F023A1-0DDD-46AE-87A3-3B16065D752F}"
EndProject
Project("{FAE04EC0-301F-11D3-BF4B-00C04F79EFBC}") = "fibonacciAlgroitmasi", "fibonacciAlgroitmasi\fibonacciAlgroitmasi.csproj", "{EA3E6BFA-0AE7-4E5A-96C8-F3DFF3004022}"
EndProject
Global
	GlobalSection(SolutionConfigurationPlatforms) = preSolution
		Debug|Any CPU = Debug|Any CPU
		Release|Any CPU = Release|Any CPU
	EndGlobalSection
	GlobalSection(ProjectConfigurationPlatforms) = postSolution
		{18CFFD00-D393-4860-A7C0-D6E53BEBC13E}.Debug|Any CPU.ActiveCfg = Debug|Any CPU
		{18CFFD00-D393-4860-A7C0-D6E53BEBC13E}.Debug|Any CPU.Build.0 = Debug|Any CPU
		{18CFFD00-D393-4860-A7C0-D6E53BEBC13E}.Release|Any CPU.ActiveCfg = Release|Any CPU
		{18CFFD00-D393-4860-A7C0-D6E53BEBC13E}.Release|Any CPU.Build.0 = Release|Any CPU
		{926F7832-86CB-4D6F-8DFF-FC47ED64E9D8}.Debug|Any CPU.ActiveCfg = Debug|Any CPU
		{926F7832-86CB-4D6F-8DFF-FC47ED64E9D8}.Debug|Any CPU.Build.0 = Debug|Any CPU
		{926F7832-86CB-4D6F-8DFF-FC47ED64E9D8}.Release|Any CPU.ActiveCfg = Release|Any CPU
		{926F7832-86CB-4D6F-8DFF-FC47ED64E9D8}.Release|Any CPU.Build.0 = Release|Any CPU
		{30E8AEF3-6E41-440D-B053-5B1A79BB5B50}.Debug|Any CPU.ActiveCfg = Debug|Any CPU
		{30E8AEF3-6E41-440D-B053-5B1A79BB5B50}.Debug|Any CPU.Build.0 = Debug|Any CPU
		{30E8AEF3-6E41-440D-B053-5B1A79BB5B50}.Release|Any CPU.ActiveCfg = Release|Any CPU
		{30E8AEF3-6E41-440D-B053-5B1A79BB5B50}.Release|Any CPU.Build.0 = Release|Any CPU
		{06136409-4718-4039-AF3E-9857CB7F2799}.Debug|Any CPU.ActiveCfg = Debug|Any CPU
		{06136409-4718-4039-AF3E-9857CB7F2799}.Debug|Any CPU.Build.0 = Debug|Any CPU
		{06136409-4718-4039-AF3E-9857CB7F2799}.Release|Any CPU.ActiveCfg = Release|Any CPU
		{06136409-4718-4039-AF3E-9857CB7F2799}.Release|Any CPU.Build.0 = Release|Any CPU
		{C5A895F3-E1DD-4761-8D61-D4491CB1868B}.Debug|Any CPU.ActiveCfg = Debug|Any CPU
		{C5A895F3-E1DD-4761-8D61-D4491CB1868B}.Debug|Any CPU.Build.0 = Debug|Any CPU
		{C5A895F3-E1DD-4761-8D61-D4491CB1868B}.Release|Any CPU.ActiveCfg = Release|Any CPU
		{C5A895F3-E1DD-4761-8D61-D4491CB1868B}.Release|Any CPU.Build.0 = Release|Any CPU
		{A27A9928-57E4-4081-A1B6-48402CFDEC61}.Debug|Any CPU.ActiveCfg = Debug|Any CPU
		{A27A9928-57E4-4081-A1B6-48402CFDEC61}.Debug|Any CPU.Build.0 = Debug|Any CPU
		{A27A9928-57E4-4081-A1B6-48402CFDEC61}.Release|Any CPU.ActiveCfg = Release|Any CPU
		{A27A9928-57E4-4081-A1B6-48402CFDEC61}.Release|Any CPU.Build.0 = Release|Any CPU
		{5C0DC6FD-7C0D-4301-8468-D626ED49B406}.Debug|Any CPU.ActiveCfg = Debug|Any CPU
		{5C0DC6FD-7C0D-4301-8468-D626ED49B406}.Debug|Any CPU.Build.0 = Debug|Any CPU
		{5C0DC6FD-7C0D-4301-8468-D626ED49B406}.Release|Any CPU.ActiveCfg = Release|Any CPU
		{5C0DC6FD-7C0D-4301-8468-D626ED49B406}.Release|Any CPU.Build.0 = Release|Any CPU
		{A65AEB91-941F-46CE-A9F7-A34EE0025700}.Debug|Any CPU.ActiveCfg = Debug|Any CPU
		{A65AEB91-941F-46CE-A9F7-A34EE0025700}.Debug|Any CPU.Build.0 = Debug|Any CPU
		{A65AEB91-941F-46CE-A9F7-A34EE0025700}.Release|Any CPU.ActiveCfg = Release|Any CPU
		{A65AEB91-941F-46CE-A9F7-A34EE0025700}.Release|Any CPU.Build.0 = Release|Any CPU
		{F92348C6-5596-42C9-9D5F-EFB68B34DB57}.Debug|Any CPU.ActiveCfg = Debug|Any CPU
		{F92348C6-5596-42C9-9D5F-EFB68B34DB57}.Debug|Any CPU.Build.0 = Debug|Any CPU
		{F92348C6-5596-42C9-9D5F-EFB68B34DB57}.Release|Any CPU.ActiveCfg = Release|Any CPU
		{F92348C6-5596-42C9-9D5F-EFB68B34DB57}.Release|Any CPU.Build.0 = Release|Any CPU
		{F262851E-2D34-4963-AC49-4284CCF39A3B}.Debug|Any CPU.ActiveCfg = Debug|Any CPU
		{F262851E-2D34-4963-AC49-4284CCF39A3B}.Debug|Any CPU.Build.0 = Debug|Any CPU
		{F262851E-2D34-4963-AC49-4284CCF39A3B}.Release|Any CPU.ActiveCfg = Release|Any CPU
		{F262851E-2D34-4963-AC49-4284CCF39A3B}.Release|Any CPU.Build.0 = Release|Any CPU
		{47E93B29-AC44-469D-B449-615CF8B29147}.Debug|Any CPU.ActiveCfg = Debug|Any CPU
		{47E93B29-AC44-469D-B449-615CF8B29147}.Debug|Any CPU.Build.0 = Debug|Any CPU
		{47E93B29-AC44-469D-B449-615CF8B29147}.Release|Any CPU.ActiveCfg = Release|Any CPU
		{47E93B29-AC44-469D-B449-615CF8B29147}.Release|Any CPU.Build.0 = Release|Any CPU
		{16BB46F5-7DF0-4897-B9E7-7BDD45F46B24}.Debug|Any CPU.ActiveCfg = Debug|Any CPU
		{16BB46F5-7DF0-4897-B9E7-7BDD45F46B24}.Debug|Any CPU.Build.0 = Debug|Any CPU
		{16BB46F5-7DF0-4897-B9E7-7BDD45F46B24}.Release|Any CPU.ActiveCfg = Release|Any CPU
		{16BB46F5-7DF0-4897-B9E7-7BDD45F46B24}.Release|Any CPU.Build.0 = Release|Any CPU
		{12CC7133-23F4-4630-B265-4975A7F18E41}.Debug|Any CPU.ActiveCfg = Debug|Any CPU
		{12CC7133-23F4-4630-B265-4975A7F18E41}.Debug|Any CPU.Build.0 = Debug|Any CPU
		{12CC7133-23F4-4630-B265-4975A7F18E41}.Release|Any CPU.ActiveCfg = Release|Any CPU
		{12CC7133-23F4-4630-B265-4975A7F18E41}.Release|Any CPU.Build.0 = Release|Any CPU
		{948F24EF-BB88-4B02-9FDE-45C7920811A0}.Debug|Any CPU.ActiveCfg = Debug|Any CPU
		{948F24EF-BB88-4B02-9FDE-45C7920811A0}.Debug|Any CPU.Build.0 = Debug|Any CPU
		{948F24EF-BB88-4B02-9FDE-45C7920811A0}.Release|Any CPU.ActiveCfg = Release|Any CPU
		{948F24EF-BB88-4B02-9FDE-45C7920811A0}.Release|Any CPU.Build.0 = Release|Any CPU
		{4CB7C207-ACB8-44B5-84FF-44A80D8E8DB3}.Debug|Any CPU.ActiveCfg = Debug|Any CPU
		{4CB7C207-ACB8-44B5-84FF-44A80D8E8DB3}.Debug|Any CPU.Build.0 = Debug|Any CPU
		{4CB7C207-ACB8-44B5-84FF-44A80D8E8DB3}.Release|Any CPU.ActiveCfg = Release|Any CPU
		{4CB7C207-ACB8-44B5-84FF-44A80D8E8DB3}.Release|Any CPU.Build.0 = Release|Any CPU
		{D1DD4355-28A1-43FA-9152-CD445CE51D23}.Debug|Any CPU.ActiveCfg = Debug|Any CPU
		{D1DD4355-28A1-43FA-9152-CD445CE51D23}.Debug|Any CPU.Build.0 = Debug|Any CPU
		{D1DD4355-28A1-43FA-9152-CD445CE51D23}.Release|Any CPU.ActiveCfg = Release|Any CPU
		{D1DD4355-28A1-43FA-9152-CD445CE51D23}.Release|Any CPU.Build.0 = Release|Any CPU
		{A3C33665-8CD8-46A7-A89C-5B19C92675B4}.Debug|Any CPU.ActiveCfg = Debug|Any CPU
		{A3C33665-8CD8-46A7-A89C-5B19C92675B4}.Debug|Any CPU.Build.0 = Debug|Any CPU
		{A3C33665-8CD8-46A7-A89C-5B19C92675B4}.Release|Any CPU.ActiveCfg = Release|Any CPU
		{A3C33665-8CD8-46A7-A89C-5B19C92675B4}.Release|Any CPU.Build.0 = Release|Any CPU
		{14191F6A-8E85-4FB1-8208-8847827AB613}.Debug|Any CPU.ActiveCfg = Debug|Any CPU
		{14191F6A-8E85-4FB1-8208-8847827AB613}.Debug|Any CPU.Build.0 = Debug|Any CPU
		{14191F6A-8E85-4FB1-8208-8847827AB613}.Release|Any CPU.ActiveCfg = Release|Any CPU
		{14191F6A-8E85-4FB1-8208-8847827AB613}.Release|Any CPU.Build.0 = Release|Any CPU
		{E513FBB0-4067-4177-A317-BDF31F61B557}.Debug|Any CPU.ActiveCfg = Debug|Any CPU
		{E513FBB0-4067-4177-A317-BDF31F61B557}.Debug|Any CPU.Build.0 = Debug|Any CPU
		{E513FBB0-4067-4177-A317-BDF31F61B557}.Release|Any CPU.ActiveCfg = Release|Any CPU
		{E513FBB0-4067-4177-A317-BDF31F61B557}.Release|Any CPU.Build.0 = Release|Any CPU
		{5F25979E-9E19-4B9F-B9AD-85B94E93E4D1}.Debug|Any CPU.ActiveCfg = Debug|Any CPU
		{5F25979E-9E19-4B9F-B9AD-85B94E93E4D1}.Debug|Any CPU.Build.0 = Debug|Any CPU
		{5F25979E-9E19-4B9F-B9AD-85B94E93E4D1}.Release|Any CPU.ActiveCfg = Release|Any CPU
		{5F25979E-9E19-4B9F-B9AD-85B94E93E4D1}.Release|Any CPU.Build.0 = Release|Any CPU
		{290ED223-1252-4EE7-AF57-70EDABBD1BD8}.Debug|Any CPU.ActiveCfg = Debug|Any CPU
		{290ED223-1252-4EE7-AF57-70EDABBD1BD8}.Debug|Any CPU.Build.0 = Debug|Any CPU
		{290ED223-1252-4EE7-AF57-70EDABBD1BD8}.Release|Any CPU.ActiveCfg = Release|Any CPU
		{290ED223-1252-4EE7-AF57-70EDABBD1BD8}.Release|Any CPU.Build.0 = Release|Any CPU
		{E6F023A1-0DDD-46AE-87A3-3B16065D752F}.Debug|Any CPU.ActiveCfg = Debug|Any CPU
		{E6F023A1-0DDD-46AE-87A3-3B16065D752F}.Debug|Any CPU.Build.0 = Debug|Any CPU
		{E6F023A1-0DDD-46AE-87A3-3B16065D752F}.Release|Any CPU.ActiveCfg = Release|Any CPU
		{E6F023A1-0DDD-46AE-87A3-3B16065D752F}.Release|Any CPU.Build.0 = Release|Any CPU
		{EA3E6BFA-0AE7-4E5A-96C8-F3DFF3004022}.Debug|Any CPU.ActiveCfg = Debug|Any CPU
		{EA3E6BFA-0AE7-4E5A-96C8-F3DFF3004022}.Debug|Any CPU.Build.0 = Debug|Any CPU
		{EA3E6BFA-0AE7-4E5A-96C8-F3DFF3004022}.Release|Any CPU.ActiveCfg = Release|Any CPU
		{EA3E6BFA-0AE7-4E5A-96C8-F3DFF3004022}.Release|Any CPU.Build.0 = Release|Any CPU
	EndGlobalSection
	GlobalSection(SolutionProperties) = preSolution
		HideSolutionNode = FALSE
	EndGlobalSection
	GlobalSection(ExtensibilityGlobals) = postSolution
		SolutionGuid = {68A55A17-AB2E-436E-8F1C-9337E0CFD2A1}
	EndGlobalSection
EndGlobal
